// !$*UTF8*$!
{
	archiveVersion = 1;
	classes = {
	};
	objectVersion = 46;
	objects = {

/* Begin PBXBuildFile section */
		BB60E80518ECE40B00F39CBC /* Foundation.framework in Frameworks */ = {isa = PBXBuildFile; fileRef = BB60E80418ECE40B00F39CBC /* Foundation.framework */; };
		BB60E80718ECE40B00F39CBC /* CoreGraphics.framework in Frameworks */ = {isa = PBXBuildFile; fileRef = BB60E80618ECE40B00F39CBC /* CoreGraphics.framework */; };
		BB60E80918ECE40B00F39CBC /* UIKit.framework in Frameworks */ = {isa = PBXBuildFile; fileRef = BB60E80818ECE40B00F39CBC /* UIKit.framework */; };
		BB60E80B18ECE40B00F39CBC /* CoreData.framework in Frameworks */ = {isa = PBXBuildFile; fileRef = BB60E80A18ECE40B00F39CBC /* CoreData.framework */; };
		BB60E81118ECE40B00F39CBC /* InfoPlist.strings in Resources */ = {isa = PBXBuildFile; fileRef = BB60E80F18ECE40B00F39CBC /* InfoPlist.strings */; };
		BB60E81318ECE40B00F39CBC /* main.m in Sources */ = {isa = PBXBuildFile; fileRef = BB60E81218ECE40B00F39CBC /* main.m */; };
		BB60E81718ECE40B00F39CBC /* HeapAppDelegate.m in Sources */ = {isa = PBXBuildFile; fileRef = BB60E81618ECE40B00F39CBC /* HeapAppDelegate.m */; };
		BB60E81A18ECE40B00F39CBC /* Heaped.xcdatamodeld in Sources */ = {isa = PBXBuildFile; fileRef = BB60E81818ECE40B00F39CBC /* Heaped.xcdatamodeld */; };
		BB60E81C18ECE40B00F39CBC /* Images.xcassets in Resources */ = {isa = PBXBuildFile; fileRef = BB60E81B18ECE40B00F39CBC /* Images.xcassets */; };
		BB60E82318ECE40B00F39CBC /* XCTest.framework in Frameworks */ = {isa = PBXBuildFile; fileRef = BB60E82218ECE40B00F39CBC /* XCTest.framework */; };
		BB60E82418ECE40B00F39CBC /* Foundation.framework in Frameworks */ = {isa = PBXBuildFile; fileRef = BB60E80418ECE40B00F39CBC /* Foundation.framework */; };
		BB60E82518ECE40B00F39CBC /* UIKit.framework in Frameworks */ = {isa = PBXBuildFile; fileRef = BB60E80818ECE40B00F39CBC /* UIKit.framework */; };
		BB60E82618ECE40B00F39CBC /* CoreData.framework in Frameworks */ = {isa = PBXBuildFile; fileRef = BB60E80A18ECE40B00F39CBC /* CoreData.framework */; };
		BB60E82E18ECE40B00F39CBC /* InfoPlist.strings in Resources */ = {isa = PBXBuildFile; fileRef = BB60E82C18ECE40B00F39CBC /* InfoPlist.strings */; };
		BB60E83018ECE40B00F39CBC /* HeapedTests.m in Sources */ = {isa = PBXBuildFile; fileRef = BB60E82F18ECE40B00F39CBC /* HeapedTests.m */; };
		BB60E83E18ECE4E100F39CBC /* Main.storyboard in Resources */ = {isa = PBXBuildFile; fileRef = BB60E83D18ECE4E100F39CBC /* Main.storyboard */; };
		BB60E84118ECE60700F39CBC /* mainViewController.m in Sources */ = {isa = PBXBuildFile; fileRef = BB60E84018ECE60700F39CBC /* mainViewController.m */; };
		BB60E84818ECEABE00F39CBC /* HeapBeaconVC.m in Sources */ = {isa = PBXBuildFile; fileRef = BB60E84718ECEABE00F39CBC /* HeapBeaconVC.m */; };
		BB60E84A18ECEBA600F39CBC /* CoreBluetooth.framework in Frameworks */ = {isa = PBXBuildFile; fileRef = BB60E84918ECEBA600F39CBC /* CoreBluetooth.framework */; };
		BB60E84C18ECEBB300F39CBC /* CoreLocation.framework in Frameworks */ = {isa = PBXBuildFile; fileRef = BB60E84B18ECEBB300F39CBC /* CoreLocation.framework */; };
		BB60E85918ECF32400F39CBC /* libEstimoteSDK.a in Frameworks */ = {isa = PBXBuildFile; fileRef = BB60E85818ECF32400F39CBC /* libEstimoteSDK.a */; };
		BB60E85D18ECF40000F39CBC /* SystemConfiguration.framework in Frameworks */ = {isa = PBXBuildFile; fileRef = BB60E85C18ECF40000F39CBC /* SystemConfiguration.framework */; };
/* End PBXBuildFile section */

/* Begin PBXContainerItemProxy section */
		BB60E82718ECE40B00F39CBC /* PBXContainerItemProxy */ = {
			isa = PBXContainerItemProxy;
			containerPortal = BB60E7F918ECE40B00F39CBC /* Project object */;
			proxyType = 1;
			remoteGlobalIDString = BB60E80018ECE40B00F39CBC;
			remoteInfo = Heaped;
		};
/* End PBXContainerItemProxy section */

/* Begin PBXFileReference section */
		BB60E80118ECE40B00F39CBC /* Heaped.app */ = {isa = PBXFileReference; explicitFileType = wrapper.application; includeInIndex = 0; path = Heaped.app; sourceTree = BUILT_PRODUCTS_DIR; };
		BB60E80418ECE40B00F39CBC /* Foundation.framework */ = {isa = PBXFileReference; lastKnownFileType = wrapper.framework; name = Foundation.framework; path = System/Library/Frameworks/Foundation.framework; sourceTree = SDKROOT; };
		BB60E80618ECE40B00F39CBC /* CoreGraphics.framework */ = {isa = PBXFileReference; lastKnownFileType = wrapper.framework; name = CoreGraphics.framework; path = System/Library/Frameworks/CoreGraphics.framework; sourceTree = SDKROOT; };
		BB60E80818ECE40B00F39CBC /* UIKit.framework */ = {isa = PBXFileReference; lastKnownFileType = wrapper.framework; name = UIKit.framework; path = System/Library/Frameworks/UIKit.framework; sourceTree = SDKROOT; };
		BB60E80A18ECE40B00F39CBC /* CoreData.framework */ = {isa = PBXFileReference; lastKnownFileType = wrapper.framework; name = CoreData.framework; path = System/Library/Frameworks/CoreData.framework; sourceTree = SDKROOT; };
		BB60E80E18ECE40B00F39CBC /* Heaped-Info.plist */ = {isa = PBXFileReference; lastKnownFileType = text.plist.xml; path = "Heaped-Info.plist"; sourceTree = "<group>"; };
		BB60E81018ECE40B00F39CBC /* en */ = {isa = PBXFileReference; lastKnownFileType = text.plist.strings; name = en; path = en.lproj/InfoPlist.strings; sourceTree = "<group>"; };
		BB60E81218ECE40B00F39CBC /* main.m */ = {isa = PBXFileReference; lastKnownFileType = sourcecode.c.objc; path = main.m; sourceTree = "<group>"; };
		BB60E81418ECE40B00F39CBC /* Heaped-Prefix.pch */ = {isa = PBXFileReference; lastKnownFileType = sourcecode.c.h; path = "Heaped-Prefix.pch"; sourceTree = "<group>"; };
		BB60E81518ECE40B00F39CBC /* HeapAppDelegate.h */ = {isa = PBXFileReference; lastKnownFileType = sourcecode.c.h; path = HeapAppDelegate.h; sourceTree = "<group>"; };
		BB60E81618ECE40B00F39CBC /* HeapAppDelegate.m */ = {isa = PBXFileReference; lastKnownFileType = sourcecode.c.objc; path = HeapAppDelegate.m; sourceTree = "<group>"; };
		BB60E81918ECE40B00F39CBC /* Heaped.xcdatamodel */ = {isa = PBXFileReference; lastKnownFileType = wrapper.xcdatamodel; path = Heaped.xcdatamodel; sourceTree = "<group>"; };
		BB60E81B18ECE40B00F39CBC /* Images.xcassets */ = {isa = PBXFileReference; lastKnownFileType = folder.assetcatalog; path = Images.xcassets; sourceTree = "<group>"; };
		BB60E82118ECE40B00F39CBC /* HeapedTests.xctest */ = {isa = PBXFileReference; explicitFileType = wrapper.cfbundle; includeInIndex = 0; path = HeapedTests.xctest; sourceTree = BUILT_PRODUCTS_DIR; };
		BB60E82218ECE40B00F39CBC /* XCTest.framework */ = {isa = PBXFileReference; lastKnownFileType = wrapper.framework; name = XCTest.framework; path = Library/Frameworks/XCTest.framework; sourceTree = DEVELOPER_DIR; };
		BB60E82B18ECE40B00F39CBC /* HeapedTests-Info.plist */ = {isa = PBXFileReference; lastKnownFileType = text.plist.xml; path = "HeapedTests-Info.plist"; sourceTree = "<group>"; };
		BB60E82D18ECE40B00F39CBC /* en */ = {isa = PBXFileReference; lastKnownFileType = text.plist.strings; name = en; path = en.lproj/InfoPlist.strings; sourceTree = "<group>"; };
		BB60E82F18ECE40B00F39CBC /* HeapedTests.m */ = {isa = PBXFileReference; lastKnownFileType = sourcecode.c.objc; path = HeapedTests.m; sourceTree = "<group>"; };
		BB60E83D18ECE4E100F39CBC /* Main.storyboard */ = {isa = PBXFileReference; fileEncoding = 4; lastKnownFileType = file.storyboard; path = Main.storyboard; sourceTree = "<group>"; };
		BB60E83F18ECE60700F39CBC /* mainViewController.h */ = {isa = PBXFileReference; fileEncoding = 4; lastKnownFileType = sourcecode.c.h; path = mainViewController.h; sourceTree = "<group>"; };
		BB60E84018ECE60700F39CBC /* mainViewController.m */ = {isa = PBXFileReference; fileEncoding = 4; lastKnownFileType = sourcecode.c.objc; path = mainViewController.m; sourceTree = "<group>"; };
		BB60E84618ECEABE00F39CBC /* HeapBeaconVC.h */ = {isa = PBXFileReference; fileEncoding = 4; lastKnownFileType = sourcecode.c.h; path = HeapBeaconVC.h; sourceTree = "<group>"; };
		BB60E84718ECEABE00F39CBC /* HeapBeaconVC.m */ = {isa = PBXFileReference; fileEncoding = 4; lastKnownFileType = sourcecode.c.objc; path = HeapBeaconVC.m; sourceTree = "<group>"; };
		BB60E84918ECEBA600F39CBC /* CoreBluetooth.framework */ = {isa = PBXFileReference; lastKnownFileType = wrapper.framework; name = CoreBluetooth.framework; path = System/Library/Frameworks/CoreBluetooth.framework; sourceTree = SDKROOT; };
		BB60E84B18ECEBB300F39CBC /* CoreLocation.framework */ = {isa = PBXFileReference; lastKnownFileType = wrapper.framework; name = CoreLocation.framework; path = System/Library/Frameworks/CoreLocation.framework; sourceTree = SDKROOT; };
		BB60E85818ECF32400F39CBC /* libEstimoteSDK.a */ = {isa = PBXFileReference; lastKnownFileType = archive.ar; path = libEstimoteSDK.a; sourceTree = "<group>"; };
		BB60E85C18ECF40000F39CBC /* SystemConfiguration.framework */ = {isa = PBXFileReference; lastKnownFileType = wrapper.framework; name = SystemConfiguration.framework; path = System/Library/Frameworks/SystemConfiguration.framework; sourceTree = SDKROOT; };
		BB60E86518ECF48400F39CBC /* ESTBeacon.h */ = {isa = PBXFileReference; fileEncoding = 4; lastKnownFileType = sourcecode.c.h; path = ESTBeacon.h; sourceTree = "<group>"; };
		BB60E86618ECF48400F39CBC /* ESTBeaconDefinitions.h */ = {isa = PBXFileReference; fileEncoding = 4; lastKnownFileType = sourcecode.c.h; path = ESTBeaconDefinitions.h; sourceTree = "<group>"; };
		BB60E86718ECF48400F39CBC /* ESTBeaconManager.h */ = {isa = PBXFileReference; fileEncoding = 4; lastKnownFileType = sourcecode.c.h; path = ESTBeaconManager.h; sourceTree = "<group>"; };
		BB60E86818ECF48400F39CBC /* ESTBeaconRegion.h */ = {isa = PBXFileReference; fileEncoding = 4; lastKnownFileType = sourcecode.c.h; path = ESTBeaconRegion.h; sourceTree = "<group>"; };
		BB60E86918ECF48400F39CBC /* ESTBeaconUpdateInfo.h */ = {isa = PBXFileReference; fileEncoding = 4; lastKnownFileType = sourcecode.c.h; path = ESTBeaconUpdateInfo.h; sourceTree = "<group>"; };
/* End PBXFileReference section */

/* Begin PBXFrameworksBuildPhase section */
		BB60E7FE18ECE40B00F39CBC /* Frameworks */ = {
			isa = PBXFrameworksBuildPhase;
			buildActionMask = 2147483647;
			files = (
				BB60E85D18ECF40000F39CBC /* SystemConfiguration.framework in Frameworks */,
				BB60E84C18ECEBB300F39CBC /* CoreLocation.framework in Frameworks */,
				BB60E84A18ECEBA600F39CBC /* CoreBluetooth.framework in Frameworks */,
				BB60E80718ECE40B00F39CBC /* CoreGraphics.framework in Frameworks */,
				BB60E80B18ECE40B00F39CBC /* CoreData.framework in Frameworks */,
				BB60E80918ECE40B00F39CBC /* UIKit.framework in Frameworks */,
				BB60E80518ECE40B00F39CBC /* Foundation.framework in Frameworks */,
				BB60E85918ECF32400F39CBC /* libEstimoteSDK.a in Frameworks */,
			);
			runOnlyForDeploymentPostprocessing = 0;
		};
		BB60E81E18ECE40B00F39CBC /* Frameworks */ = {
			isa = PBXFrameworksBuildPhase;
			buildActionMask = 2147483647;
			files = (
				BB60E82318ECE40B00F39CBC /* XCTest.framework in Frameworks */,
				BB60E82618ECE40B00F39CBC /* CoreData.framework in Frameworks */,
				BB60E82518ECE40B00F39CBC /* UIKit.framework in Frameworks */,
				BB60E82418ECE40B00F39CBC /* Foundation.framework in Frameworks */,
			);
			runOnlyForDeploymentPostprocessing = 0;
		};
/* End PBXFrameworksBuildPhase section */

/* Begin PBXGroup section */
		BB60E7F818ECE40B00F39CBC = {
			isa = PBXGroup;
			children = (
				BB60E80C18ECE40B00F39CBC /* Heaped */,
				BB60E82918ECE40B00F39CBC /* HeapedTests */,
				BB60E80318ECE40B00F39CBC /* Frameworks */,
				BB60E80218ECE40B00F39CBC /* Products */,
			);
			sourceTree = "<group>";
		};
		BB60E80218ECE40B00F39CBC /* Products */ = {
			isa = PBXGroup;
			children = (
				BB60E80118ECE40B00F39CBC /* Heaped.app */,
				BB60E82118ECE40B00F39CBC /* HeapedTests.xctest */,
			);
			name = Products;
			sourceTree = "<group>";
		};
		BB60E80318ECE40B00F39CBC /* Frameworks */ = {
			isa = PBXGroup;
			children = (
				BB60E85C18ECF40000F39CBC /* SystemConfiguration.framework */,
				BB60E85818ECF32400F39CBC /* libEstimoteSDK.a */,
				BB60E84B18ECEBB300F39CBC /* CoreLocation.framework */,
				BB60E84918ECEBA600F39CBC /* CoreBluetooth.framework */,
				BB60E80418ECE40B00F39CBC /* Foundation.framework */,
				BB60E80618ECE40B00F39CBC /* CoreGraphics.framework */,
				BB60E80818ECE40B00F39CBC /* UIKit.framework */,
				BB60E80A18ECE40B00F39CBC /* CoreData.framework */,
				BB60E82218ECE40B00F39CBC /* XCTest.framework */,
			);
			name = Frameworks;
			sourceTree = "<group>";
		};
		BB60E80C18ECE40B00F39CBC /* Heaped */ = {
			isa = PBXGroup;
			children = (
				BB60E81518ECE40B00F39CBC /* HeapAppDelegate.h */,
				BB60E81618ECE40B00F39CBC /* HeapAppDelegate.m */,
				BB60E83D18ECE4E100F39CBC /* Main.storyboard */,
				BB60E83F18ECE60700F39CBC /* mainViewController.h */,
				BB60E84018ECE60700F39CBC /* mainViewController.m */,
				BB60E84618ECEABE00F39CBC /* HeapBeaconVC.h */,
				BB60E84718ECEABE00F39CBC /* HeapBeaconVC.m */,
				BB60E86418ECF48400F39CBC /* Headers */,
				BB60E81B18ECE40B00F39CBC /* Images.xcassets */,
				BB60E81818ECE40B00F39CBC /* Heaped.xcdatamodeld */,
				BB60E80D18ECE40B00F39CBC /* Supporting Files */,
			);
			path = Heaped;
			sourceTree = "<group>";
		};
		BB60E80D18ECE40B00F39CBC /* Supporting Files */ = {
			isa = PBXGroup;
			children = (
				BB60E80E18ECE40B00F39CBC /* Heaped-Info.plist */,
				BB60E80F18ECE40B00F39CBC /* InfoPlist.strings */,
				BB60E81218ECE40B00F39CBC /* main.m */,
				BB60E81418ECE40B00F39CBC /* Heaped-Prefix.pch */,
			);
			name = "Supporting Files";
			sourceTree = "<group>";
		};
		BB60E82918ECE40B00F39CBC /* HeapedTests */ = {
			isa = PBXGroup;
			children = (
				BB60E82F18ECE40B00F39CBC /* HeapedTests.m */,
				BB60E82A18ECE40B00F39CBC /* Supporting Files */,
			);
			path = HeapedTests;
			sourceTree = "<group>";
		};
		BB60E82A18ECE40B00F39CBC /* Supporting Files */ = {
			isa = PBXGroup;
			children = (
				BB60E82B18ECE40B00F39CBC /* HeapedTests-Info.plist */,
				BB60E82C18ECE40B00F39CBC /* InfoPlist.strings */,
			);
			name = "Supporting Files";
			sourceTree = "<group>";
		};
		BB60E86418ECF48400F39CBC /* Headers */ = {
			isa = PBXGroup;
			children = (
				BB60E86518ECF48400F39CBC /* ESTBeacon.h */,
				BB60E86618ECF48400F39CBC /* ESTBeaconDefinitions.h */,
				BB60E86718ECF48400F39CBC /* ESTBeaconManager.h */,
				BB60E86818ECF48400F39CBC /* ESTBeaconRegion.h */,
				BB60E86918ECF48400F39CBC /* ESTBeaconUpdateInfo.h */,
			);
			path = Headers;
			sourceTree = "<group>";
		};
/* End PBXGroup section */

/* Begin PBXNativeTarget section */
		BB60E80018ECE40B00F39CBC /* Heaped */ = {
			isa = PBXNativeTarget;
			buildConfigurationList = BB60E83318ECE40B00F39CBC /* Build configuration list for PBXNativeTarget "Heaped" */;
			buildPhases = (
				BB60E7FD18ECE40B00F39CBC /* Sources */,
				BB60E7FE18ECE40B00F39CBC /* Frameworks */,
				BB60E7FF18ECE40B00F39CBC /* Resources */,
			);
			buildRules = (
			);
			dependencies = (
			);
			name = Heaped;
			productName = Heaped;
			productReference = BB60E80118ECE40B00F39CBC /* Heaped.app */;
			productType = "com.apple.product-type.application";
		};
		BB60E82018ECE40B00F39CBC /* HeapedTests */ = {
			isa = PBXNativeTarget;
			buildConfigurationList = BB60E83618ECE40B00F39CBC /* Build configuration list for PBXNativeTarget "HeapedTests" */;
			buildPhases = (
				BB60E81D18ECE40B00F39CBC /* Sources */,
				BB60E81E18ECE40B00F39CBC /* Frameworks */,
				BB60E81F18ECE40B00F39CBC /* Resources */,
			);
			buildRules = (
			);
			dependencies = (
				BB60E82818ECE40B00F39CBC /* PBXTargetDependency */,
			);
			name = HeapedTests;
			productName = HeapedTests;
			productReference = BB60E82118ECE40B00F39CBC /* HeapedTests.xctest */;
			productType = "com.apple.product-type.bundle.unit-test";
		};
/* End PBXNativeTarget section */

/* Begin PBXProject section */
		BB60E7F918ECE40B00F39CBC /* Project object */ = {
			isa = PBXProject;
			attributes = {
				CLASSPREFIX = Heap;
				LastUpgradeCheck = 0500;
				ORGANIZATIONNAME = "Michael Zhao";
				TargetAttributes = {
					BB60E82018ECE40B00F39CBC = {
						TestTargetID = BB60E80018ECE40B00F39CBC;
					};
				};
			};
			buildConfigurationList = BB60E7FC18ECE40B00F39CBC /* Build configuration list for PBXProject "Heaped" */;
			compatibilityVersion = "Xcode 3.2";
			developmentRegion = English;
			hasScannedForEncodings = 0;
			knownRegions = (
				en,
			);
			mainGroup = BB60E7F818ECE40B00F39CBC;
			productRefGroup = BB60E80218ECE40B00F39CBC /* Products */;
			projectDirPath = "";
			projectRoot = "";
			targets = (
				BB60E80018ECE40B00F39CBC /* Heaped */,
				BB60E82018ECE40B00F39CBC /* HeapedTests */,
			);
		};
/* End PBXProject section */

/* Begin PBXResourcesBuildPhase section */
		BB60E7FF18ECE40B00F39CBC /* Resources */ = {
			isa = PBXResourcesBuildPhase;
			buildActionMask = 2147483647;
			files = (
				BB60E83E18ECE4E100F39CBC /* Main.storyboard in Resources */,
				BB60E81118ECE40B00F39CBC /* InfoPlist.strings in Resources */,
				BB60E81C18ECE40B00F39CBC /* Images.xcassets in Resources */,
			);
			runOnlyForDeploymentPostprocessing = 0;
		};
		BB60E81F18ECE40B00F39CBC /* Resources */ = {
			isa = PBXResourcesBuildPhase;
			buildActionMask = 2147483647;
			files = (
				BB60E82E18ECE40B00F39CBC /* InfoPlist.strings in Resources */,
			);
			runOnlyForDeploymentPostprocessing = 0;
		};
/* End PBXResourcesBuildPhase section */

/* Begin PBXSourcesBuildPhase section */
		BB60E7FD18ECE40B00F39CBC /* Sources */ = {
			isa = PBXSourcesBuildPhase;
			buildActionMask = 2147483647;
			files = (
				BB60E81718ECE40B00F39CBC /* HeapAppDelegate.m in Sources */,
				BB60E81318ECE40B00F39CBC /* main.m in Sources */,
				BB60E81A18ECE40B00F39CBC /* Heaped.xcdatamodeld in Sources */,
				BB60E84818ECEABE00F39CBC /* HeapBeaconVC.m in Sources */,
				BB60E84118ECE60700F39CBC /* mainViewController.m in Sources */,
			);
			runOnlyForDeploymentPostprocessing = 0;
		};
		BB60E81D18ECE40B00F39CBC /* Sources */ = {
			isa = PBXSourcesBuildPhase;
			buildActionMask = 2147483647;
			files = (
				BB60E83018ECE40B00F39CBC /* HeapedTests.m in Sources */,
			);
			runOnlyForDeploymentPostprocessing = 0;
		};
/* End PBXSourcesBuildPhase section */

/* Begin PBXTargetDependency section */
		BB60E82818ECE40B00F39CBC /* PBXTargetDependency */ = {
			isa = PBXTargetDependency;
			target = BB60E80018ECE40B00F39CBC /* Heaped */;
			targetProxy = BB60E82718ECE40B00F39CBC /* PBXContainerItemProxy */;
		};
/* End PBXTargetDependency section */

/* Begin PBXVariantGroup section */
		BB60E80F18ECE40B00F39CBC /* InfoPlist.strings */ = {
			isa = PBXVariantGroup;
			children = (
				BB60E81018ECE40B00F39CBC /* en */,
			);
			name = InfoPlist.strings;
			sourceTree = "<group>";
		};
		BB60E82C18ECE40B00F39CBC /* InfoPlist.strings */ = {
			isa = PBXVariantGroup;
			children = (
				BB60E82D18ECE40B00F39CBC /* en */,
			);
			name = InfoPlist.strings;
			sourceTree = "<group>";
		};
/* End PBXVariantGroup section */

/* Begin XCBuildConfiguration section */
		BB60E83118ECE40B00F39CBC /* Debug */ = {
			isa = XCBuildConfiguration;
			buildSettings = {
				ALWAYS_SEARCH_USER_PATHS = NO;
				ARCHS = "$(ARCHS_STANDARD_INCLUDING_64_BIT)";
				CLANG_CXX_LANGUAGE_STANDARD = "gnu++0x";
				CLANG_CXX_LIBRARY = "libc++";
				CLANG_ENABLE_MODULES = YES;
				CLANG_ENABLE_OBJC_ARC = YES;
				CLANG_WARN_BOOL_CONVERSION = YES;
				CLANG_WARN_CONSTANT_CONVERSION = YES;
				CLANG_WARN_DIRECT_OBJC_ISA_USAGE = YES_ERROR;
				CLANG_WARN_EMPTY_BODY = YES;
				CLANG_WARN_ENUM_CONVERSION = YES;
				CLANG_WARN_INT_CONVERSION = YES;
				CLANG_WARN_OBJC_ROOT_CLASS = YES_ERROR;
				CLANG_WARN__DUPLICATE_METHOD_MATCH = YES;
				"CODE_SIGN_IDENTITY[sdk=iphoneos*]" = "iPhone Developer";
				COPY_PHASE_STRIP = NO;
				GCC_C_LANGUAGE_STANDARD = gnu99;
				GCC_DYNAMIC_NO_PIC = NO;
				GCC_OPTIMIZATION_LEVEL = 0;
				GCC_PREPROCESSOR_DEFINITIONS = (
					"DEBUG=1",
					"$(inherited)",
				);
				GCC_SYMBOLS_PRIVATE_EXTERN = NO;
				GCC_WARN_64_TO_32_BIT_CONVERSION = YES;
				GCC_WARN_ABOUT_RETURN_TYPE = YES_ERROR;
				GCC_WARN_UNDECLARED_SELECTOR = YES;
				GCC_WARN_UNINITIALIZED_AUTOS = YES;
				GCC_WARN_UNUSED_FUNCTION = YES;
				GCC_WARN_UNUSED_VARIABLE = YES;
				IPHONEOS_DEPLOYMENT_TARGET = 7.0;
				ONLY_ACTIVE_ARCH = YES;
				SDKROOT = iphoneos;
				TARGETED_DEVICE_FAMILY = "1,2";
			};
			name = Debug;
		};
		BB60E83218ECE40B00F39CBC /* Release */ = {
			isa = XCBuildConfiguration;
			buildSettings = {
				ALWAYS_SEARCH_USER_PATHS = NO;
				ARCHS = "$(ARCHS_STANDARD_INCLUDING_64_BIT)";
				CLANG_CXX_LANGUAGE_STANDARD = "gnu++0x";
				CLANG_CXX_LIBRARY = "libc++";
				CLANG_ENABLE_MODULES = YES;
				CLANG_ENABLE_OBJC_ARC = YES;
				CLANG_WARN_BOOL_CONVERSION = YES;
				CLANG_WARN_CONSTANT_CONVERSION = YES;
				CLANG_WARN_DIRECT_OBJC_ISA_USAGE = YES_ERROR;
				CLANG_WARN_EMPTY_BODY = YES;
				CLANG_WARN_ENUM_CONVERSION = YES;
				CLANG_WARN_INT_CONVERSION = YES;
				CLANG_WARN_OBJC_ROOT_CLASS = YES_ERROR;
				CLANG_WARN__DUPLICATE_METHOD_MATCH = YES;
				"CODE_SIGN_IDENTITY[sdk=iphoneos*]" = "iPhone Developer";
				COPY_PHASE_STRIP = YES;
				ENABLE_NS_ASSERTIONS = NO;
				GCC_C_LANGUAGE_STANDARD = gnu99;
				GCC_WARN_64_TO_32_BIT_CONVERSION = YES;
				GCC_WARN_ABOUT_RETURN_TYPE = YES_ERROR;
				GCC_WARN_UNDECLARED_SELECTOR = YES;
				GCC_WARN_UNINITIALIZED_AUTOS = YES;
				GCC_WARN_UNUSED_FUNCTION = YES;
				GCC_WARN_UNUSED_VARIABLE = YES;
				IPHONEOS_DEPLOYMENT_TARGET = 7.0;
				SDKROOT = iphoneos;
				TARGETED_DEVICE_FAMILY = "1,2";
				VALIDATE_PRODUCT = YES;
			};
			name = Release;
		};
		BB60E83418ECE40B00F39CBC /* Debug */ = {
			isa = XCBuildConfiguration;
			buildSettings = {
				ASSETCATALOG_COMPILER_APPICON_NAME = AppIcon;
				ASSETCATALOG_COMPILER_LAUNCHIMAGE_NAME = LaunchImage;
				FRAMEWORK_SEARCH_PATHS = (
					"$(inherited)",
					/Users/michaelzhao/Desktop/Heaped,
				);
				GCC_PRECOMPILE_PREFIX_HEADER = YES;
				GCC_PREFIX_HEADER = "Heaped/Heaped-Prefix.pch";
				INFOPLIST_FILE = "Heaped/Heaped-Info.plist";
				IPHONEOS_DEPLOYMENT_TARGET = 7.0;
				LIBRARY_SEARCH_PATHS = (
					"$(inherited)",
					/Users/michaelzhao/Desktop/Heaped,
				);
				PRODUCT_NAME = "$(TARGET_NAME)";
				TARGETED_DEVICE_FAMILY = 1;
				WRAPPER_EXTENSION = app;
			};
			name = Debug;
		};
		BB60E83518ECE40B00F39CBC /* Release */ = {
			isa = XCBuildConfiguration;
			buildSettings = {
				ASSETCATALOG_COMPILER_APPICON_NAME = AppIcon;
				ASSETCATALOG_COMPILER_LAUNCHIMAGE_NAME = LaunchImage;
				FRAMEWORK_SEARCH_PATHS = (
					"$(inherited)",
					/Users/michaelzhao/Desktop/Heaped,
				);
				GCC_PRECOMPILE_PREFIX_HEADER = YES;
				GCC_PREFIX_HEADER = "Heaped/Heaped-Prefix.pch";
				INFOPLIST_FILE = "Heaped/Heaped-Info.plist";
				IPHONEOS_DEPLOYMENT_TARGET = 7.0;
				LIBRARY_SEARCH_PATHS = (
					"$(inherited)",
					/Users/michaelzhao/Desktop/Heaped,
				);
				PRODUCT_NAME = "$(TARGET_NAME)";
				TARGETED_DEVICE_FAMILY = 1;
				WRAPPER_EXTENSION = app;
			};
			name = Release;
		};
		BB60E83718ECE40B00F39CBC /* Debug */ = {
			isa = XCBuildConfiguration;
			buildSettings = {
				ARCHS = "$(ARCHS_STANDARD_INCLUDING_64_BIT)";
				BUNDLE_LOADER = "$(BUILT_PRODUCTS_DIR)/Heaped.app/Heaped";
				FRAMEWORK_SEARCH_PATHS = (
					"$(SDKROOT)/Developer/Library/Frameworks",
					"$(inherited)",
					"$(DEVELOPER_FRAMEWORKS_DIR)",
				);
				GCC_PRECOMPILE_PREFIX_HEADER = YES;
				GCC_PREFIX_HEADER = "Heaped/Heaped-Prefix.pch";
				GCC_PREPROCESSOR_DEFINITIONS = (
					"DEBUG=1",
					"$(inherited)",
				);
				INFOPLIST_FILE = "HeapedTests/HeapedTests-Info.plist";
				PRODUCT_NAME = "$(TARGET_NAME)";
				TEST_HOST = "$(BUNDLE_LOADER)";
				WRAPPER_EXTENSION = xctest;
			};
			name = Debug;
		};
		BB60E83818ECE40B00F39CBC /* Release */ = {
			isa = XCBuildConfiguration;
			buildSettings = {
				ARCHS = "$(ARCHS_STANDARD_INCLUDING_64_BIT)";
				BUNDLE_LOADER = "$(BUILT_PRODUCTS_DIR)/Heaped.app/Heaped";
				FRAMEWORK_SEARCH_PATHS = (
					"$(SDKROOT)/Developer/Library/Frameworks",
					"$(inherited)",
					"$(DEVELOPER_FRAMEWORKS_DIR)",
				);
				GCC_PRECOMPILE_PREFIX_HEADER = YES;
				GCC_PREFIX_HEADER = "Heaped/Heaped-Prefix.pch";
				INFOPLIST_FILE = "HeapedTests/HeapedTests-Info.plist";
				PRODUCT_NAME = "$(TARGET_NAME)";
				TEST_HOST = "$(BUNDLE_LOADER)";
				WRAPPER_EXTENSION = xctest;
			};
			name = Release;
		};
/* End XCBuildConfiguration section */

/* Begin XCConfigurationList section */
		BB60E7FC18ECE40B00F39CBC /* Build configuration list for PBXProject "Heaped" */ = {
			isa = XCConfigurationList;
			buildConfigurations = (
				BB60E83118ECE40B00F39CBC /* Debug */,
				BB60E83218ECE40B00F39CBC /* Release */,
			);
			defaultConfigurationIsVisible = 0;
			defaultConfigurationName = Release;
		};
		BB60E83318ECE40B00F39CBC /* Build configuration list for PBXNativeTarget "Heaped" */ = {
			isa = XCConfigurationList;
			buildConfigurations = (
				BB60E83418ECE40B00F39CBC /* Debug */,
				BB60E83518ECE40B00F39CBC /* Release */,
			);
			defaultConfigurationIsVisible = 0;
			defaultConfigurationName = Release;
		};
		BB60E83618ECE40B00F39CBC /* Build configuration list for PBXNativeTarget "HeapedTests" */ = {
			isa = XCConfigurationList;
			buildConfigurations = (
				BB60E83718ECE40B00F39CBC /* Debug */,
				BB60E83818ECE40B00F39CBC /* Release */,
			);
			defaultConfigurationIsVisible = 0;
			defaultConfigurationName = Release;
		};
/* End XCConfigurationList section */

/* Begin XCVersionGroup section */
		BB60E81818ECE40B00F39CBC /* Heaped.xcdatamodeld */ = {
			isa = XCVersionGroup;
			children = (
				BB60E81918ECE40B00F39CBC /* Heaped.xcdatamodel */,
			);
			currentVersion = BB60E81918ECE40B00F39CBC /* Heaped.xcdatamodel */;
			path = Heaped.xcdatamodeld;
			sourceTree = "<group>";
			versionGroupType = wrapper.xcdatamodel;
		};
/* End XCVersionGroup section */
	};
	rootObject = BB60E7F918ECE40B00F39CBC /* Project object */;
}
